// !$*UTF8*$!
{
	archiveVersion = 1;
	classes = {
	};
	objectVersion = 46;
	objects = {

/* Begin PBXBuildFile section */
		49CAE0CD1A64B0CE003F6C85 /* main.m in Sources */ = {isa = PBXBuildFile; fileRef = 49CAE0CC1A64B0CE003F6C85 /* main.m */; };
		49CAE0D01A64B0CE003F6C85 /* AppDelegate.m in Sources */ = {isa = PBXBuildFile; fileRef = 49CAE0CF1A64B0CE003F6C85 /* AppDelegate.m */; };
		49CAE0D31A64B0CE003F6C85 /* ViewController.m in Sources */ = {isa = PBXBuildFile; fileRef = 49CAE0D21A64B0CE003F6C85 /* ViewController.m */; };
		49CAE0D61A64B0CE003F6C85 /* Main.storyboard in Resources */ = {isa = PBXBuildFile; fileRef = 49CAE0D41A64B0CE003F6C85 /* Main.storyboard */; };
		49CAE0D81A64B0CE003F6C85 /* Images.xcassets in Resources */ = {isa = PBXBuildFile; fileRef = 49CAE0D71A64B0CE003F6C85 /* Images.xcassets */; };
		49CAE0DB1A64B0CE003F6C85 /* LaunchScreen.xib in Resources */ = {isa = PBXBuildFile; fileRef = 49CAE0D91A64B0CE003F6C85 /* LaunchScreen.xib */; };
		49CAE0E71A64B0CE003F6C85 /* PagingScrollViewTests.m in Sources */ = {isa = PBXBuildFile; fileRef = 49CAE0E61A64B0CE003F6C85 /* PagingScrollViewTests.m */; };
/* End PBXBuildFile section */

/* Begin PBXContainerItemProxy section */
		49CAE0E11A64B0CE003F6C85 /* PBXContainerItemProxy */ = {
			isa = PBXContainerItemProxy;
			containerPortal = 49CAE0BF1A64B0CE003F6C85 /* Project object */;
			proxyType = 1;
			remoteGlobalIDString = 49CAE0C61A64B0CE003F6C85;
			remoteInfo = PagingScrollView;
		};
/* End PBXContainerItemProxy section */

/* Begin PBXFileReference section */
		49CAE0C71A64B0CE003F6C85 /* PagingScrollView.app */ = {isa = PBXFileReference; explicitFileType = wrapper.application; includeInIndex = 0; path = PagingScrollView.app; sourceTree = BUILT_PRODUCTS_DIR; };
		49CAE0CB1A64B0CE003F6C85 /* Info.plist */ = {isa = PBXFileReference; lastKnownFileType = text.plist.xml; path = Info.plist; sourceTree = "<group>"; };
		49CAE0CC1A64B0CE003F6C85 /* main.m */ = {isa = PBXFileReference; lastKnownFileType = sourcecode.c.objc; path = main.m; sourceTree = "<group>"; };
		49CAE0CE1A64B0CE003F6C85 /* AppDelegate.h */ = {isa = PBXFileReference; lastKnownFileType = sourcecode.c.h; path = AppDelegate.h; sourceTree = "<group>"; };
		49CAE0CF1A64B0CE003F6C85 /* AppDelegate.m */ = {isa = PBXFileReference; lastKnownFileType = sourcecode.c.objc; path = AppDelegate.m; sourceTree = "<group>"; };
		49CAE0D11A64B0CE003F6C85 /* ViewController.h */ = {isa = PBXFileReference; lastKnownFileType = sourcecode.c.h; path = ViewController.h; sourceTree = "<group>"; };
		49CAE0D21A64B0CE003F6C85 /* ViewController.m */ = {isa = PBXFileReference; lastKnownFileType = sourcecode.c.objc; path = ViewController.m; sourceTree = "<group>"; };
		49CAE0D51A64B0CE003F6C85 /* Base */ = {isa = PBXFileReference; lastKnownFileType = file.storyboard; name = Base; path = Base.lproj/Main.storyboard; sourceTree = "<group>"; };
		49CAE0D71A64B0CE003F6C85 /* Images.xcassets */ = {isa = PBXFileReference; lastKnownFileType = folder.assetcatalog; path = Images.xcassets; sourceTree = "<group>"; };
		49CAE0DA1A64B0CE003F6C85 /* Base */ = {isa = PBXFileReference; lastKnownFileType = file.xib; name = Base; path = Base.lproj/LaunchScreen.xib; sourceTree = "<group>"; };
		49CAE0E01A64B0CE003F6C85 /* PagingScrollViewTests.xctest */ = {isa = PBXFileReference; explicitFileType = wrapper.cfbundle; includeInIndex = 0; path = PagingScrollViewTests.xctest; sourceTree = BUILT_PRODUCTS_DIR; };
		49CAE0E51A64B0CE003F6C85 /* Info.plist */ = {isa = PBXFileReference; lastKnownFileType = text.plist.xml; path = Info.plist; sourceTree = "<group>"; };
		49CAE0E61A64B0CE003F6C85 /* PagingScrollViewTests.m */ = {isa = PBXFileReference; lastKnownFileType = sourcecode.c.objc; path = PagingScrollViewTests.m; sourceTree = "<group>"; };
/* End PBXFileReference section */

/* Begin PBXFrameworksBuildPhase section */
		49CAE0C41A64B0CE003F6C85 /* Frameworks */ = {
			isa = PBXFrameworksBuildPhase;
			buildActionMask = 2147483647;
			files = (
			);
			runOnlyForDeploymentPostprocessing = 0;
		};
		49CAE0DD1A64B0CE003F6C85 /* Frameworks */ = {
			isa = PBXFrameworksBuildPhase;
			buildActionMask = 2147483647;
			files = (
			);
			runOnlyForDeploymentPostprocessing = 0;
		};
/* End PBXFrameworksBuildPhase section */

/* Begin PBXGroup section */
		49CAE0BE1A64B0CE003F6C85 = {
			isa = PBXGroup;
			children = (
				49CAE0C91A64B0CE003F6C85 /* PagingScrollView */,
				49CAE0E31A64B0CE003F6C85 /* PagingScrollViewTests */,
				49CAE0C81A64B0CE003F6C85 /* Products */,
			);
			sourceTree = "<group>";
		};
		49CAE0C81A64B0CE003F6C85 /* Products */ = {
			isa = PBXGroup;
			children = (
				49CAE0C71A64B0CE003F6C85 /* PagingScrollView.app */,
				49CAE0E01A64B0CE003F6C85 /* PagingScrollViewTests.xctest */,
			);
			name = Products;
			sourceTree = "<group>";
		};
		49CAE0C91A64B0CE003F6C85 /* PagingScrollView */ = {
			isa = PBXGroup;
			children = (
				49CAE0CE1A64B0CE003F6C85 /* AppDelegate.h */,
				49CAE0CF1A64B0CE003F6C85 /* AppDelegate.m */,
				49CAE0D11A64B0CE003F6C85 /* ViewController.h */,
				49CAE0D21A64B0CE003F6C85 /* ViewController.m */,
				49CAE0D41A64B0CE003F6C85 /* Main.storyboard */,
				49CAE0D71A64B0CE003F6C85 /* Images.xcassets */,
				49CAE0D91A64B0CE003F6C85 /* LaunchScreen.xib */,
				49CAE0CA1A64B0CE003F6C85 /* Supporting Files */,
			);
			path = PagingScrollView;
			sourceTree = "<group>";
		};
		49CAE0CA1A64B0CE003F6C85 /* Supporting Files */ = {
			isa = PBXGroup;
			children = (
				49CAE0CB1A64B0CE003F6C85 /* Info.plist */,
				49CAE0CC1A64B0CE003F6C85 /* main.m */,
			);
			name = "Supporting Files";
			sourceTree = "<group>";
		};
		49CAE0E31A64B0CE003F6C85 /* PagingScrollViewTests */ = {
			isa = PBXGroup;
			children = (
				49CAE0E61A64B0CE003F6C85 /* PagingScrollViewTests.m */,
				49CAE0E41A64B0CE003F6C85 /* Supporting Files */,
			);
			path = PagingScrollViewTests;
			sourceTree = "<group>";
		};
		49CAE0E41A64B0CE003F6C85 /* Supporting Files */ = {
			isa = PBXGroup;
			children = (
				49CAE0E51A64B0CE003F6C85 /* Info.plist */,
			);
			name = "Supporting Files";
			sourceTree = "<group>";
		};
/* End PBXGroup section */

/* Begin PBXNativeTarget section */
		49CAE0C61A64B0CE003F6C85 /* PagingScrollView */ = {
			isa = PBXNativeTarget;
			buildConfigurationList = 49CAE0EA1A64B0CE003F6C85 /* Build configuration list for PBXNativeTarget "PagingScrollView" */;
			buildPhases = (
				49CAE0C31A64B0CE003F6C85 /* Sources */,
				49CAE0C41A64B0CE003F6C85 /* Frameworks */,
				49CAE0C51A64B0CE003F6C85 /* Resources */,
			);
			buildRules = (
			);
			dependencies = (
			);
			name = PagingScrollView;
			productName = PagingScrollView;
			productReference = 49CAE0C71A64B0CE003F6C85 /* PagingScrollView.app */;
			productType = "com.apple.product-type.application";
		};
		49CAE0DF1A64B0CE003F6C85 /* PagingScrollViewTests */ = {
			isa = PBXNativeTarget;
			buildConfigurationList = 49CAE0ED1A64B0CE003F6C85 /* Build configuration list for PBXNativeTarget "PagingScrollViewTests" */;
			buildPhases = (
				49CAE0DC1A64B0CE003F6C85 /* Sources */,
				49CAE0DD1A64B0CE003F6C85 /* Frameworks */,
				49CAE0DE1A64B0CE003F6C85 /* Resources */,
			);
			buildRules = (
			);
			dependencies = (
				49CAE0E21A64B0CE003F6C85 /* PBXTargetDependency */,
			);
			name = PagingScrollViewTests;
			productName = PagingScrollViewTests;
			productReference = 49CAE0E01A64B0CE003F6C85 /* PagingScrollViewTests.xctest */;
			productType = "com.apple.product-type.bundle.unit-test";
		};
/* End PBXNativeTarget section */

/* Begin PBXProject section */
		49CAE0BF1A64B0CE003F6C85 /* Project object */ = {
			isa = PBXProject;
			attributes = {
				LastUpgradeCheck = 0610;
				ORGANIZATIONNAME = KD;
				TargetAttributes = {
					49CAE0C61A64B0CE003F6C85 = {
						CreatedOnToolsVersion = 6.1.1;
					};
					49CAE0DF1A64B0CE003F6C85 = {
						CreatedOnToolsVersion = 6.1.1;
						TestTargetID = 49CAE0C61A64B0CE003F6C85;
					};
				};
			};
			buildConfigurationList = 49CAE0C21A64B0CE003F6C85 /* Build configuration list for PBXProject "PagingScrollView" */;
			compatibilityVersion = "Xcode 3.2";
			developmentRegion = English;
			hasScannedForEncodings = 0;
			knownRegions = (
				en,
				Base,
			);
			mainGroup = 49CAE0BE1A64B0CE003F6C85;
			productRefGroup = 49CAE0C81A64B0CE003F6C85 /* Products */;
			projectDirPath = "";
			projectRoot = "";
			targets = (
				49CAE0C61A64B0CE003F6C85 /* PagingScrollView */,
				49CAE0DF1A64B0CE003F6C85 /* PagingScrollViewTests */,
			);
		};
/* End PBXProject section */

/* Begin PBXResourcesBuildPhase section */
		49CAE0C51A64B0CE003F6C85 /* Resources */ = {
			isa = PBXResourcesBuildPhase;
			buildActionMask = 2147483647;
			files = (
				49CAE0D61A64B0CE003F6C85 /* Main.storyboard in Resources */,
				49CAE0DB1A64B0CE003F6C85 /* LaunchScreen.xib in Resources */,
				49CAE0D81A64B0CE003F6C85 /* Images.xcassets in Resources */,
			);
			runOnlyForDeploymentPostprocessing = 0;
		};
		49CAE0DE1A64B0CE003F6C85 /* Resources */ = {
			isa = PBXResourcesBuildPhase;
			buildActionMask = 2147483647;
			files = (
			);
			runOnlyForDeploymentPostprocessing = 0;
		};
/* End PBXResourcesBuildPhase section */

/* Begin PBXSourcesBuildPhase section */
		49CAE0C31A64B0CE003F6C85 /* Sources */ = {
			isa = PBXSourcesBuildPhase;
			buildActionMask = 2147483647;
			files = (
				49CAE0D31A64B0CE003F6C85 /* ViewController.m in Sources */,
				49CAE0D01A64B0CE003F6C85 /* AppDelegate.m in Sources */,
				49CAE0CD1A64B0CE003F6C85 /* main.m in Sources */,
			);
			runOnlyForDeploymentPostprocessing = 0;
		};
		49CAE0DC1A64B0CE003F6C85 /* Sources */ = {
			isa = PBXSourcesBuildPhase;
			buildActionMask = 2147483647;
			files = (
				49CAE0E71A64B0CE003F6C85 /* PagingScrollViewTests.m in Sources */,
			);
			runOnlyForDeploymentPostprocessing = 0;
		};
/* End PBXSourcesBuildPhase section */

/* Begin PBXTargetDependency section */
		49CAE0E21A64B0CE003F6C85 /* PBXTargetDependency */ = {
			isa = PBXTargetDependency;
			target = 49CAE0C61A64B0CE003F6C85 /* PagingScrollView */;
			targetProxy = 49CAE0E11A64B0CE003F6C85 /* PBXContainerItemProxy */;
		};
/* End PBXTargetDependency section */

/* Begin PBXVariantGroup section */
		49CAE0D41A64B0CE003F6C85 /* Main.storyboard */ = {
			isa = PBXVariantGroup;
			children = (
				49CAE0D51A64B0CE003F6C85 /* Base */,
			);
			name = Main.storyboard;
			sourceTree = "<group>";
		};
		49CAE0D91A64B0CE003F6C85 /* LaunchScreen.xib */ = {
			isa = PBXVariantGroup;
			children = (
				49CAE0DA1A64B0CE003F6C85 /* Base */,
			);
			name = LaunchScreen.xib;
			sourceTree = "<group>";
		};
/* End PBXVariantGroup section */

/* Begin XCBuildConfiguration section */
		49CAE0E81A64B0CE003F6C85 /* Debug */ = {
			isa = XCBuildConfiguration;
			buildSettings = {
				ALWAYS_SEARCH_USER_PATHS = NO;
				CLANG_CXX_LANGUAGE_STANDARD = "gnu++0x";
				CLANG_CXX_LIBRARY = "libc++";
				CLANG_ENABLE_MODULES = YES;
				CLANG_ENABLE_OBJC_ARC = YES;
				CLANG_WARN_BOOL_CONVERSION = YES;
				CLANG_WARN_CONSTANT_CONVERSION = YES;
				CLANG_WARN_DIRECT_OBJC_ISA_USAGE = YES_ERROR;
				CLANG_WARN_EMPTY_BODY = YES;
				CLANG_WARN_ENUM_CONVERSION = YES;
				CLANG_WARN_INT_CONVERSION = YES;
				CLANG_WARN_OBJC_ROOT_CLASS = YES_ERROR;
				CLANG_WARN_UNREACHABLE_CODE = YES;
				CLANG_WARN__DUPLICATE_METHOD_MATCH = YES;
				"CODE_SIGN_IDENTITY[sdk=iphoneos*]" = "iPhone Developer";
				COPY_PHASE_STRIP = NO;
				ENABLE_STRICT_OBJC_MSGSEND = YES;
				GCC_C_LANGUAGE_STANDARD = gnu99;
				GCC_DYNAMIC_NO_PIC = NO;
				GCC_OPTIMIZATION_LEVEL = 0;
				GCC_PREPROCESSOR_DEFINITIONS = (
					"DEBUG=1",
					"$(inherited)",
				);
				GCC_SYMBOLS_PRIVATE_EXTERN = NO;
				GCC_WARN_64_TO_32_BIT_CONVERSION = YES;
				GCC_WARN_ABOUT_RETURN_TYPE = YES_ERROR;
				GCC_WARN_UNDECLARED_SELECTOR = YES;
				GCC_WARN_UNINITIALIZED_AUTOS = YES_AGGRESSIVE;
				GCC_WARN_UNUSED_FUNCTION = YES;
				GCC_WARN_UNUSED_VARIABLE = YES;
				IPHONEOS_DEPLOYMENT_TARGET = 7.0;
				MTL_ENABLE_DEBUG_INFO = YES;
				ONLY_ACTIVE_ARCH = YES;
				SDKROOT = iphoneos;
				TARGETED_DEVICE_FAMILY = "1,2";
			};
			name = Debug;
		};
		49CAE0E91A64B0CE003F6C85 /* Release */ = {
			isa = XCBuildConfiguration;
			buildSettings = {
				ALWAYS_SEARCH_USER_PATHS = NO;
				CLANG_CXX_LANGUAGE_STANDARD = "gnu++0x";
				CLANG_CXX_LIBRARY = "libc++";
				CLANG_ENABLE_MODULES = YES;
				CLANG_ENABLE_OBJC_ARC = YES;
				CLANG_WARN_BOOL_CONVERSION = YES;
				CLANG_WARN_CONSTANT_CONVERSION = YES;
				CLANG_WARN_DIRECT_OBJC_ISA_USAGE = YES_ERROR;
				CLANG_WARN_EMPTY_BODY = YES;
				CLANG_WARN_ENUM_CONVERSION = YES;
				CLANG_WARN_INT_CONVERSION = YES;
				CLANG_WARN_OBJC_ROOT_CLASS = YES_ERROR;
				CLANG_WARN_UNREACHABLE_CODE = YES;
				CLANG_WARN__DUPLICATE_METHOD_MATCH = YES;
				"CODE_SIGN_IDENTITY[sdk=iphoneos*]" = "iPhone Developer";
				COPY_PHASE_STRIP = YES;
				ENABLE_NS_ASSERTIONS = NO;
				ENABLE_STRICT_OBJC_MSGSEND = YES;
				GCC_C_LANGUAGE_STANDARD = gnu99;
				GCC_WARN_64_TO_32_BIT_CONVERSION = YES;
				GCC_WARN_ABOUT_RETURN_TYPE = YES_ERROR;
				GCC_WARN_UNDECLARED_SELECTOR = YES;
				GCC_WARN_UNINITIALIZED_AUTOS = YES_AGGRESSIVE;
				GCC_WARN_UNUSED_FUNCTION = YES;
				GCC_WARN_UNUSED_VARIABLE = YES;
				IPHONEOS_DEPLOYMENT_TARGET = 7.0;
				MTL_ENABLE_DEBUG_INFO = NO;
				SDKROOT = iphoneos;
				TARGETED_DEVICE_FAMILY = "1,2";
				VALIDATE_PRODUCT = YES;
			};
			name = Release;
		};
		49CAE0EB1A64B0CE003F6C85 /* Debug */ = {
			isa = XCBuildConfiguration;
			buildSettings = {
				ASSETCATALOG_COMPILER_APPICON_NAME = AppIcon;
				INFOPLIST_FILE = PagingScrollView/Info.plist;
				LD_RUNPATH_SEARCH_PATHS = "$(inherited) @executable_path/Frameworks";
				PRODUCT_NAME = "$(TARGET_NAME)";
			};
			name = Debug;
		};
		49CAE0EC1A64B0CE003F6C85 /* Release */ = {
			isa = XCBuildConfiguration;
			buildSettings = {
				ASSETCATALOG_COMPILER_APPICON_NAME = AppIcon;
				INFOPLIST_FILE = PagingScrollView/Info.plist;
				LD_RUNPATH_SEARCH_PATHS = "$(inherited) @executable_path/Frameworks";
				PRODUCT_NAME = "$(TARGET_NAME)";
			};
			name = Release;
		};
		49CAE0EE1A64B0CE003F6C85 /* Debug */ = {
			isa = XCBuildConfiguration;
			buildSettings = {
				BUNDLE_LOADER = "$(TEST_HOST)";
				FRAMEWORK_SEARCH_PATHS = (
					"$(SDKROOT)/Developer/Library/Frameworks",
					"$(inherited)",
				);
				GCC_PREPROCESSOR_DEFINITIONS = (
					"DEBUG=1",
					"$(inherited)",
				);
				INFOPLIST_FILE = PagingScrollViewTests/Info.plist;
				LD_RUNPATH_SEARCH_PATHS = "$(inherited) @executable_path/Frameworks @loader_path/Frameworks";
				PRODUCT_NAME = "$(TARGET_NAME)";
				TEST_HOST = "$(BUILT_PRODUCTS_DIR)/PagingScrollView.app/PagingScrollView";
			};
			name = Debug;
		};
		49CAE0EF1A64B0CE003F6C85 /* Release */ = {
			isa = XCBuildConfiguration;
			buildSettings = {
				BUNDLE_LOADER = "$(TEST_HOST)";
				FRAMEWORK_SEARCH_PATHS = (
					"$(SDKROOT)/Developer/Library/Frameworks",
					"$(inherited)",
				);
				INFOPLIST_FILE = PagingScrollViewTests/Info.plist;
				LD_RUNPATH_SEARCH_PATHS = "$(inherited) @executable_path/Frameworks @loader_path/Frameworks";
				PRODUCT_NAME = "$(TARGET_NAME)";
				TEST_HOST = "$(BUILT_PRODUCTS_DIR)/PagingScrollView.app/PagingScrollView";
			};
			name = Release;
		};
/* End XCBuildConfiguration section */

/* Begin XCConfigurationList section */
		49CAE0C21A64B0CE003F6C85 /* Build configuration list for PBXProject "PagingScrollView" */ = {
			isa = XCConfigurationList;
			buildConfigurations = (
				49CAE0E81A64B0CE003F6C85 /* Debug */,
				49CAE0E91A64B0CE003F6C85 /* Release */,
			);
			defaultConfigurationIsVisible = 0;
			defaultConfigurationName = Release;
		};
		49CAE0EA1A64B0CE003F6C85 /* Build configuration list for PBXNativeTarget "PagingScrollView" */ = {
			isa = XCConfigurationList;
			buildConfigurations = (
				49CAE0EB1A64B0CE003F6C85 /* Debug */,
				49CAE0EC1A64B0CE003F6C85 /* Release */,
			);
			defaultConfigurationIsVisible = 0;
		};
		49CAE0ED1A64B0CE003F6C85 /* Build configuration list for PBXNativeTarget "PagingScrollViewTests" */ = {
			isa = XCConfigurationList;
			buildConfigurations = (
				49CAE0EE1A64B0CE003F6C85 /* Debug */,
				49CAE0EF1A64B0CE003F6C85 /* Release */,
			);
			defaultConfigurationIsVisible = 0;
		};
/* End XCConfigurationList section */
	};
	rootObject = 49CAE0BF1A64B0CE003F6C85 /* Project object */;
}
